// !$*UTF8*$!
{
	archiveVersion = 1;
	classes = {
	};
	objectVersion = 50;
	objects = {

/* Begin PBXBuildFile section */
		838FF56125B5F89E004EEB68 /* RollTheDiceApp.swift in Sources */ = {isa = PBXBuildFile; fileRef = 838FF56025B5F89E004EEB68 /* RollTheDiceApp.swift */; };
		838FF56325B5F89E004EEB68 /* ContentView.swift in Sources */ = {isa = PBXBuildFile; fileRef = 838FF56225B5F89E004EEB68 /* ContentView.swift */; };
		838FF56525B5F89F004EEB68 /* Assets.xcassets in Resources */ = {isa = PBXBuildFile; fileRef = 838FF56425B5F89F004EEB68 /* Assets.xcassets */; };
		838FF56825B5F89F004EEB68 /* Preview Assets.xcassets in Resources */ = {isa = PBXBuildFile; fileRef = 838FF56725B5F89F004EEB68 /* Preview Assets.xcassets */; };
		838FF57125B84A3D004EEB68 /* RollTheDiceView.swift in Sources */ = {isa = PBXBuildFile; fileRef = 838FF57025B84A3D004EEB68 /* RollTheDiceView.swift */; };
		838FF57425B84A50004EEB68 /* RollHistoryView.swift in Sources */ = {isa = PBXBuildFile; fileRef = 838FF57325B84A50004EEB68 /* RollHistoryView.swift */; };
		838FF57725B84FFB004EEB68 /* DiceResults.swift in Sources */ = {isa = PBXBuildFile; fileRef = 838FF57625B84FFB004EEB68 /* DiceResults.swift */; };
		838FF57B25B85073004EEB68 /* DiceResultModel.xcdatamodeld in Sources */ = {isa = PBXBuildFile; fileRef = 838FF57925B85073004EEB68 /* DiceResultModel.xcdatamodeld */; };
		838FF57F25B850BA004EEB68 /* DiceResult+CoreDataClass.swift in Sources */ = {isa = PBXBuildFile; fileRef = 838FF57D25B850BA004EEB68 /* DiceResult+CoreDataClass.swift */; };
		838FF58025B850BA004EEB68 /* DiceResult+CoreDataProperties.swift in Sources */ = {isa = PBXBuildFile; fileRef = 838FF57E25B850BA004EEB68 /* DiceResult+CoreDataProperties.swift */; };
		838FF58325B85F88004EEB68 /* SettingsView.swift in Sources */ = {isa = PBXBuildFile; fileRef = 838FF58225B85F88004EEB68 /* SettingsView.swift */; };
/* End PBXBuildFile section */

/* Begin PBXFileReference section */
		838FF55D25B5F89E004EEB68 /* RollTheDice.app */ = {isa = PBXFileReference; explicitFileType = wrapper.application; includeInIndex = 0; path = RollTheDice.app; sourceTree = BUILT_PRODUCTS_DIR; };
		838FF56025B5F89E004EEB68 /* RollTheDiceApp.swift */ = {isa = PBXFileReference; lastKnownFileType = sourcecode.swift; path = RollTheDiceApp.swift; sourceTree = "<group>"; };
		838FF56225B5F89E004EEB68 /* ContentView.swift */ = {isa = PBXFileReference; lastKnownFileType = sourcecode.swift; path = ContentView.swift; sourceTree = "<group>"; };
		838FF56425B5F89F004EEB68 /* Assets.xcassets */ = {isa = PBXFileReference; lastKnownFileType = folder.assetcatalog; path = Assets.xcassets; sourceTree = "<group>"; };
		838FF56725B5F89F004EEB68 /* Preview Assets.xcassets */ = {isa = PBXFileReference; lastKnownFileType = folder.assetcatalog; path = "Preview Assets.xcassets"; sourceTree = "<group>"; };
		838FF56925B5F89F004EEB68 /* Info.plist */ = {isa = PBXFileReference; lastKnownFileType = text.plist.xml; path = Info.plist; sourceTree = "<group>"; };
		838FF57025B84A3D004EEB68 /* RollTheDiceView.swift */ = {isa = PBXFileReference; lastKnownFileType = sourcecode.swift; path = RollTheDiceView.swift; sourceTree = "<group>"; };
		838FF57325B84A50004EEB68 /* RollHistoryView.swift */ = {isa = PBXFileReference; lastKnownFileType = sourcecode.swift; path = RollHistoryView.swift; sourceTree = "<group>"; };
		838FF57625B84FFB004EEB68 /* DiceResults.swift */ = {isa = PBXFileReference; lastKnownFileType = sourcecode.swift; path = DiceResults.swift; sourceTree = "<group>"; };
		838FF57A25B85073004EEB68 /* DiceResultModel.xcdatamodel */ = {isa = PBXFileReference; lastKnownFileType = wrapper.xcdatamodel; path = DiceResultModel.xcdatamodel; sourceTree = "<group>"; };
		838FF57D25B850BA004EEB68 /* DiceResult+CoreDataClass.swift */ = {isa = PBXFileReference; lastKnownFileType = sourcecode.swift; path = "DiceResult+CoreDataClass.swift"; sourceTree = "<group>"; };
		838FF57E25B850BA004EEB68 /* DiceResult+CoreDataProperties.swift */ = {isa = PBXFileReference; lastKnownFileType = sourcecode.swift; path = "DiceResult+CoreDataProperties.swift"; sourceTree = "<group>"; };
		838FF58225B85F88004EEB68 /* SettingsView.swift */ = {isa = PBXFileReference; lastKnownFileType = sourcecode.swift; path = SettingsView.swift; sourceTree = "<group>"; };
/* End PBXFileReference section */

/* Begin PBXFrameworksBuildPhase section */
		838FF55A25B5F89E004EEB68 /* Frameworks */ = {
			isa = PBXFrameworksBuildPhase;
			buildActionMask = 2147483647;
			files = (
			);
			runOnlyForDeploymentPostprocessing = 0;
		};
/* End PBXFrameworksBuildPhase section */

/* Begin PBXGroup section */
		838FF55425B5F89E004EEB68 = {
			isa = PBXGroup;
			children = (
				838FF55F25B5F89E004EEB68 /* RollTheDice */,
				838FF55E25B5F89E004EEB68 /* Products */,
			);
			sourceTree = "<group>";
		};
		838FF55E25B5F89E004EEB68 /* Products */ = {
			isa = PBXGroup;
			children = (
				838FF55D25B5F89E004EEB68 /* RollTheDice.app */,
			);
			name = Products;
			sourceTree = "<group>";
		};
		838FF55F25B5F89E004EEB68 /* RollTheDice */ = {
			isa = PBXGroup;
			children = (
				838FF57D25B850BA004EEB68 /* DiceResult+CoreDataClass.swift */,
				838FF57E25B850BA004EEB68 /* DiceResult+CoreDataProperties.swift */,
				838FF56025B5F89E004EEB68 /* RollTheDiceApp.swift */,
				838FF56225B5F89E004EEB68 /* ContentView.swift */,
				838FF58225B85F88004EEB68 /* SettingsView.swift */,
				838FF57625B84FFB004EEB68 /* DiceResults.swift */,
				838FF57925B85073004EEB68 /* DiceResultModel.xcdatamodeld */,
				838FF57325B84A50004EEB68 /* RollHistoryView.swift */,
				838FF57025B84A3D004EEB68 /* RollTheDiceView.swift */,
				838FF56425B5F89F004EEB68 /* Assets.xcassets */,
				838FF56925B5F89F004EEB68 /* Info.plist */,
				838FF56625B5F89F004EEB68 /* Preview Content */,
			);
			path = RollTheDice;
			sourceTree = "<group>";
		};
		838FF56625B5F89F004EEB68 /* Preview Content */ = {
			isa = PBXGroup;
			children = (
				838FF56725B5F89F004EEB68 /* Preview Assets.xcassets */,
			);
			path = "Preview Content";
			sourceTree = "<group>";
		};
/* End PBXGroup section */

/* Begin PBXNativeTarget section */
		838FF55C25B5F89E004EEB68 /* RollTheDice */ = {
			isa = PBXNativeTarget;
			buildConfigurationList = 838FF56C25B5F89F004EEB68 /* Build configuration list for PBXNativeTarget "RollTheDice" */;
			buildPhases = (
				838FF55925B5F89E004EEB68 /* Sources */,
				838FF55A25B5F89E004EEB68 /* Frameworks */,
				838FF55B25B5F89E004EEB68 /* Resources */,
			);
			buildRules = (
			);
			dependencies = (
			);
			name = RollTheDice;
			productName = RollTheDice;
			productReference = 838FF55D25B5F89E004EEB68 /* RollTheDice.app */;
			productType = "com.apple.product-type.application";
		};
/* End PBXNativeTarget section */

/* Begin PBXProject section */
		838FF55525B5F89E004EEB68 /* Project object */ = {
			isa = PBXProject;
			attributes = {
				LastSwiftUpdateCheck = 1210;
				LastUpgradeCheck = 1210;
				TargetAttributes = {
					838FF55C25B5F89E004EEB68 = {
						CreatedOnToolsVersion = 12.1.1;
					};
				};
			};
			buildConfigurationList = 838FF55825B5F89E004EEB68 /* Build configuration list for PBXProject "RollTheDice" */;
			compatibilityVersion = "Xcode 9.3";
			developmentRegion = en;
			hasScannedForEncodings = 0;
			knownRegions = (
				en,
				Base,
			);
			mainGroup = 838FF55425B5F89E004EEB68;
			productRefGroup = 838FF55E25B5F89E004EEB68 /* Products */;
			projectDirPath = "";
			projectRoot = "";
			targets = (
				838FF55C25B5F89E004EEB68 /* RollTheDice */,
			);
		};
/* End PBXProject section */

/* Begin PBXResourcesBuildPhase section */
		838FF55B25B5F89E004EEB68 /* Resources */ = {
			isa = PBXResourcesBuildPhase;
			buildActionMask = 2147483647;
			files = (
				838FF56825B5F89F004EEB68 /* Preview Assets.xcassets in Resources */,
				838FF56525B5F89F004EEB68 /* Assets.xcassets in Resources */,
			);
			runOnlyForDeploymentPostprocessing = 0;
		};
/* End PBXResourcesBuildPhase section */

/* Begin PBXSourcesBuildPhase section */
		838FF55925B5F89E004EEB68 /* Sources */ = {
			isa = PBXSourcesBuildPhase;
			buildActionMask = 2147483647;
			files = (
				838FF56325B5F89E004EEB68 /* ContentView.swift in Sources */,
				838FF57B25B85073004EEB68 /* DiceResultModel.xcdatamodeld in Sources */,
				838FF56125B5F89E004EEB68 /* RollTheDiceApp.swift in Sources */,
				838FF58325B85F88004EEB68 /* SettingsView.swift in Sources */,
				838FF57425B84A50004EEB68 /* RollHistoryView.swift in Sources */,
				838FF57725B84FFB004EEB68 /* DiceResults.swift in Sources */,
				838FF58025B850BA004EEB68 /* DiceResult+CoreDataProperties.swift in Sources */,
				838FF57F25B850BA004EEB68 /* DiceResult+CoreDataClass.swift in Sources */,
				838FF57125B84A3D004EEB68 /* RollTheDiceView.swift in Sources */,
			);
			runOnlyForDeploymentPostprocessing = 0;
		};
/* End PBXSourcesBuildPhase section */

/* Begin XCBuildConfiguration section */
		838FF56A25B5F89F004EEB68 /* Debug */ = {
			isa = XCBuildConfiguration;
			buildSettings = {
				ALWAYS_SEARCH_USER_PATHS = NO;
				CLANG_ANALYZER_NONNULL = YES;
				CLANG_ANALYZER_NUMBER_OBJECT_CONVERSION = YES_AGGRESSIVE;
				CLANG_CXX_LANGUAGE_STANDARD = "gnu++14";
				CLANG_CXX_LIBRARY = "libc++";
				CLANG_ENABLE_MODULES = YES;
				CLANG_ENABLE_OBJC_ARC = YES;
				CLANG_ENABLE_OBJC_WEAK = YES;
				CLANG_WARN_BLOCK_CAPTURE_AUTORELEASING = YES;
				CLANG_WARN_BOOL_CONVERSION = YES;
				CLANG_WARN_COMMA = YES;
				CLANG_WARN_CONSTANT_CONVERSION = YES;
				CLANG_WARN_DEPRECATED_OBJC_IMPLEMENTATIONS = YES;
				CLANG_WARN_DIRECT_OBJC_ISA_USAGE = YES_ERROR;
				CLANG_WARN_DOCUMENTATION_COMMENTS = YES;
				CLANG_WARN_EMPTY_BODY = YES;
				CLANG_WARN_ENUM_CONVERSION = YES;
				CLANG_WARN_INFINITE_RECURSION = YES;
				CLANG_WARN_INT_CONVERSION = YES;
				CLANG_WARN_NON_LITERAL_NULL_CONVERSION = YES;
				CLANG_WARN_OBJC_IMPLICIT_RETAIN_SELF = YES;
				CLANG_WARN_OBJC_LITERAL_CONVERSION = YES;
				CLANG_WARN_OBJC_ROOT_CLASS = YES_ERROR;
				CLANG_WARN_QUOTED_INCLUDE_IN_FRAMEWORK_HEADER = YES;
				CLANG_WARN_RANGE_LOOP_ANALYSIS = YES;
				CLANG_WARN_STRICT_PROTOTYPES = YES;
				CLANG_WARN_SUSPICIOUS_MOVE = YES;
				CLANG_WARN_UNGUARDED_AVAILABILITY = YES_AGGRESSIVE;
				CLANG_WARN_UNREACHABLE_CODE = YES;
				CLANG_WARN__DUPLICATE_METHOD_MATCH = YES;
				COPY_PHASE_STRIP = NO;
				DEBUG_INFORMATION_FORMAT = dwarf;
				ENABLE_STRICT_OBJC_MSGSEND = YES;
				ENABLE_TESTABILITY = YES;
				GCC_C_LANGUAGE_STANDARD = gnu11;
				GCC_DYNAMIC_NO_PIC = NO;
				GCC_NO_COMMON_BLOCKS = YES;
				GCC_OPTIMIZATION_LEVEL = 0;
				GCC_PREPROCESSOR_DEFINITIONS = (
					"DEBUG=1",
					"$(inherited)",
				);
				GCC_WARN_64_TO_32_BIT_CONVERSION = YES;
				GCC_WARN_ABOUT_RETURN_TYPE = YES_ERROR;
				GCC_WARN_UNDECLARED_SELECTOR = YES;
				GCC_WARN_UNINITIALIZED_AUTOS = YES_AGGRESSIVE;
				GCC_WARN_UNUSED_FUNCTION = YES;
				GCC_WARN_UNUSED_VARIABLE = YES;
				IPHONEOS_DEPLOYMENT_TARGET = 14.2;
				MTL_ENABLE_DEBUG_INFO = INCLUDE_SOURCE;
				MTL_FAST_MATH = YES;
				ONLY_ACTIVE_ARCH = YES;
				SDKROOT = iphoneos;
				SWIFT_ACTIVE_COMPILATION_CONDITIONS = DEBUG;
				SWIFT_OPTIMIZATION_LEVEL = "-Onone";
			};
			name = Debug;
		};
		838FF56B25B5F89F004EEB68 /* Release */ = {
			isa = XCBuildConfiguration;
			buildSettings = {
				ALWAYS_SEARCH_USER_PATHS = NO;
				CLANG_ANALYZER_NONNULL = YES;
				CLANG_ANALYZER_NUMBER_OBJECT_CONVERSION = YES_AGGRESSIVE;
				CLANG_CXX_LANGUAGE_STANDARD = "gnu++14";
				CLANG_CXX_LIBRARY = "libc++";
				CLANG_ENABLE_MODULES = YES;
				CLANG_ENABLE_OBJC_ARC = YES;
				CLANG_ENABLE_OBJC_WEAK = YES;
				CLANG_WARN_BLOCK_CAPTURE_AUTORELEASING = YES;
				CLANG_WARN_BOOL_CONVERSION = YES;
				CLANG_WARN_COMMA = YES;
				CLANG_WARN_CONSTANT_CONVERSION = YES;
				CLANG_WARN_DEPRECATED_OBJC_IMPLEMENTATIONS = YES;
				CLANG_WARN_DIRECT_OBJC_ISA_USAGE = YES_ERROR;
				CLANG_WARN_DOCUMENTATION_COMMENTS = YES;
				CLANG_WARN_EMPTY_BODY = YES;
				CLANG_WARN_ENUM_CONVERSION = YES;
				CLANG_WARN_INFINITE_RECURSION = YES;
				CLANG_WARN_INT_CONVERSION = YES;
				CLANG_WARN_NON_LITERAL_NULL_CONVERSION = YES;
				CLANG_WARN_OBJC_IMPLICIT_RETAIN_SELF = YES;
				CLANG_WARN_OBJC_LITERAL_CONVERSION = YES;
				CLANG_WARN_OBJC_ROOT_CLASS = YES_ERROR;
				CLANG_WARN_QUOTED_INCLUDE_IN_FRAMEWORK_HEADER = YES;
				CLANG_WARN_RANGE_LOOP_ANALYSIS = YES;
				CLANG_WARN_STRICT_PROTOTYPES = YES;
				CLANG_WARN_SUSPICIOUS_MOVE = YES;
				CLANG_WARN_UNGUARDED_AVAILABILITY = YES_AGGRESSIVE;
				CLANG_WARN_UNREACHABLE_CODE = YES;
				CLANG_WARN__DUPLICATE_METHOD_MATCH = YES;
				COPY_PHASE_STRIP = NO;
				DEBUG_INFORMATION_FORMAT = "dwarf-with-dsym";
				ENABLE_NS_ASSERTIONS = NO;
				ENABLE_STRICT_OBJC_MSGSEND = YES;
				GCC_C_LANGUAGE_STANDARD = gnu11;
				GCC_NO_COMMON_BLOCKS = YES;
				GCC_WARN_64_TO_32_BIT_CONVERSION = YES;
				GCC_WARN_ABOUT_RETURN_TYPE = YES_ERROR;
				GCC_WARN_UNDECLARED_SELECTOR = YES;
				GCC_WARN_UNINITIALIZED_AUTOS = YES_AGGRESSIVE;
				GCC_WARN_UNUSED_FUNCTION = YES;
				GCC_WARN_UNUSED_VARIABLE = YES;
				IPHONEOS_DEPLOYMENT_TARGET = 14.2;
				MTL_ENABLE_DEBUG_INFO = NO;
				MTL_FAST_MATH = YES;
				SDKROOT = iphoneos;
				SWIFT_COMPILATION_MODE = wholemodule;
				SWIFT_OPTIMIZATION_LEVEL = "-O";
				VALIDATE_PRODUCT = YES;
			};
			name = Release;
		};
		838FF56D25B5F89F004EEB68 /* Debug */ = {
			isa = XCBuildConfiguration;
			buildSettings = {
				ASSETCATALOG_COMPILER_APPICON_NAME = AppIcon;
				ASSETCATALOG_COMPILER_GLOBAL_ACCENT_COLOR_NAME = AccentColor;
				CODE_SIGN_STYLE = Automatic;
				DEVELOPMENT_ASSET_PATHS = "\"RollTheDice/Preview Content\"";
				DEVELOPMENT_TEAM = 794JYC8SNK;
				ENABLE_PREVIEWS = YES;
				INFOPLIST_FILE = RollTheDice/Info.plist;
				IPHONEOS_DEPLOYMENT_TARGET = 14.0;
				LD_RUNPATH_SEARCH_PATHS = (
					"$(inherited)",
					"@executable_path/Frameworks",
				);
				PRODUCT_BUNDLE_IDENTIFIER = com.hackingwithswift.RollTheDice;
				PRODUCT_NAME = "$(TARGET_NAME)";
				SWIFT_VERSION = 5.0;
				TARGETED_DEVICE_FAMILY = "1,2";
			};
			name = Debug;
		};
		838FF56E25B5F89F004EEB68 /* Release */ = {
			isa = XCBuildConfiguration;
			buildSettings = {
				ASSETCATALOG_COMPILER_APPICON_NAME = AppIcon;
				ASSETCATALOG_COMPILER_GLOBAL_ACCENT_COLOR_NAME = AccentColor;
				CODE_SIGN_STYLE = Automatic;
				DEVELOPMENT_ASSET_PATHS = "\"RollTheDice/Preview Content\"";
				DEVELOPMENT_TEAM = 794JYC8SNK;
				ENABLE_PREVIEWS = YES;
				INFOPLIST_FILE = RollTheDice/Info.plist;
				IPHONEOS_DEPLOYMENT_TARGET = 14.0;
				LD_RUNPATH_SEARCH_PATHS = (
					"$(inherited)",
					"@executable_path/Frameworks",
				);
				PRODUCT_BUNDLE_IDENTIFIER = com.hackingwithswift.RollTheDice;
				PRODUCT_NAME = "$(TARGET_NAME)";
				SWIFT_VERSION = 5.0;
				TARGETED_DEVICE_FAMILY = "1,2";
			};
			name = Release;
		};
/* End XCBuildConfiguration section */

/* Begin XCConfigurationList section */
		838FF55825B5F89E004EEB68 /* Build configuration list for PBXProject "RollTheDice" */ = {
			isa = XCConfigurationList;
			buildConfigurations = (
				838FF56A25B5F89F004EEB68 /* Debug */,
				838FF56B25B5F89F004EEB68 /* Release */,
			);
			defaultConfigurationIsVisible = 0;
			defaultConfigurationName = Release;
		};
		838FF56C25B5F89F004EEB68 /* Build configuration list for PBXNativeTarget "RollTheDice" */ = {
			isa = XCConfigurationList;
			buildConfigurations = (
				838FF56D25B5F89F004EEB68 /* Debug */,
				838FF56E25B5F89F004EEB68 /* Release */,
			);
			defaultConfigurationIsVisible = 0;
			defaultConfigurationName = Release;
		};
/* End XCConfigurationList section */

/* Begin XCVersionGroup section */
		838FF57925B85073004EEB68 /* DiceResultModel.xcdatamodeld */ = {
			isa = XCVersionGroup;
			children = (
				838FF57A25B85073004EEB68 /* DiceResultModel.xcdatamodel */,
			);
			currentVersion = 838FF57A25B85073004EEB68 /* DiceResultModel.xcdatamodel */;
			path = DiceResultModel.xcdatamodeld;
			sourceTree = "<group>";
			versionGroupType = wrapper.xcdatamodel;
		};
/* End XCVersionGroup section */
	};
	rootObject = 838FF55525B5F89E004EEB68 /* Project object */;
}
